
Microsoft Visual Studio Solution File, Format Version 12.00
# Visual Studio 15
VisualStudioVersion = 15.0.28307.757
MinimumVisualStudioVersion = 10.0.40219.1
Project("{888888A0-9F3D-457C-B088-3A5042F75D52}") = "web", "web.pyproj", "{95D8384D-A847-4928-99F4-0A1216E8C63A}"
EndProject
Global
	GlobalSection(SolutionConfigurationPlatforms) = preSolution
		Debug|Any CPU = Debug|Any CPU
		Release|Any CPU = Release|Any CPU
	EndGlobalSection
	GlobalSection(ProjectConfigurationPlatforms) = postSolution
		{95D8384D-A847-4928-99F4-0A1216E8C63A}.Debug|Any CPU.ActiveCfg = Debug|Any CPU
		{95D8384D-A847-4928-99F4-0A1216E8C63A}.Debug|Any CPU.Build.0 = Debug|Any CPU
		{95D8384D-A847-4928-99F4-0A1216E8C63A}.Release|Any CPU.ActiveCfg = Release|Any CPU
		{95D8384D-A847-4928-99F4-0A1216E8C63A}.Release|Any CPU.Build.0 = Release|Any CPU
	EndGlobalSection
	GlobalSection(SolutionProperties) = preSolution
		HideSolutionNode = FALSE
	EndGlobalSection
	GlobalSection(ExtensibilityGlobals) = postSolution
		SolutionGuid = {6D814038-C910-49DC-987E-1FF5E8C74326}
	EndGlobalSection
EndGlobal
